
Microsoft Visual Studio Solution File, Format Version 12.00
# Visual Studio Version 16
VisualStudioVersion = 16.0.30114.105
MinimumVisualStudioVersion = 10.0.40219.1
Project("{FAE04EC0-301F-11D3-BF4B-00C04F79EFBC}") = "BlazorDownload.Server", "Server\BlazorDownload.Server.csproj", "{3DE0CA8F-FDF7-44BF-80DF-47CC5779CC81}"
EndProject
Project("{FAE04EC0-301F-11D3-BF4B-00C04F79EFBC}") = "BlazorDownload.Client", "Client\BlazorDownload.Client.csproj", "{80EDD15F-D78B-4B45-B430-C0FDA69FE74E}"
EndProject
Project("{FAE04EC0-301F-11D3-BF4B-00C04F79EFBC}") = "BlazorDownload.Shared", "Shared\BlazorDownload.Shared.csproj", "{DA719813-8EB8-46D8-8272-5CDC69476581}"
EndProject
Global
	GlobalSection(SolutionConfigurationPlatforms) = preSolution
		Debug|Any CPU = Debug|Any CPU
		Release|Any CPU = Release|Any CPU
	EndGlobalSection
	GlobalSection(ProjectConfigurationPlatforms) = postSolution
		{3DE0CA8F-FDF7-44BF-80DF-47CC5779CC81}.Debug|Any CPU.ActiveCfg = Debug|Any CPU
		{3DE0CA8F-FDF7-44BF-80DF-47CC5779CC81}.Debug|Any CPU.Build.0 = Debug|Any CPU
		{3DE0CA8F-FDF7-44BF-80DF-47CC5779CC81}.Release|Any CPU.ActiveCfg = Release|Any CPU
		{3DE0CA8F-FDF7-44BF-80DF-47CC5779CC81}.Release|Any CPU.Build.0 = Release|Any CPU
		{80EDD15F-D78B-4B45-B430-C0FDA69FE74E}.Debug|Any CPU.ActiveCfg = Debug|Any CPU
		{80EDD15F-D78B-4B45-B430-C0FDA69FE74E}.Debug|Any CPU.Build.0 = Debug|Any CPU
		{80EDD15F-D78B-4B45-B430-C0FDA69FE74E}.Release|Any CPU.ActiveCfg = Release|Any CPU
		{80EDD15F-D78B-4B45-B430-C0FDA69FE74E}.Release|Any CPU.Build.0 = Release|Any CPU
		{DA719813-8EB8-46D8-8272-5CDC69476581}.Debug|Any CPU.ActiveCfg = Debug|Any CPU
		{DA719813-8EB8-46D8-8272-5CDC69476581}.Debug|Any CPU.Build.0 = Debug|Any CPU
		{DA719813-8EB8-46D8-8272-5CDC69476581}.Release|Any CPU.ActiveCfg = Release|Any CPU
		{DA719813-8EB8-46D8-8272-5CDC69476581}.Release|Any CPU.Build.0 = Release|Any CPU
	EndGlobalSection
	GlobalSection(SolutionProperties) = preSolution
		HideSolutionNode = FALSE
	EndGlobalSection
	GlobalSection(ExtensibilityGlobals) = postSolution
		SolutionGuid = {E7F1C6C8-ADFA-491E-B42D-9FA2E848393C}
	EndGlobalSection
EndGlobal
